
Microsoft Visual Studio Solution File, Format Version 12.00
# Visual Studio Version 17
VisualStudioVersion = 17.4.33213.308
MinimumVisualStudioVersion = 10.0.40219.1
Project("{FAE04EC0-301F-11D3-BF4B-00C04F79EFBC}") = "FrmServer", "FrmServer\FrmServer.csproj", "{9033AB53-0305-4BFB-BBD5-0061C9FFF636}"
EndProject
Project("{FAE04EC0-301F-11D3-BF4B-00C04F79EFBC}") = "Domain", "Domain\Domain.csproj", "{222D42AC-5B0F-4F18-9DCA-50A57DA35BC6}"
EndProject
Project("{FAE04EC0-301F-11D3-BF4B-00C04F79EFBC}") = "KlijentskiInterfejs", "KlijentskiInterfejs\KlijentskiInterfejs.csproj", "{EEC0A7CD-46A7-4D4D-9741-E771045505B1}"
EndProject
Project("{FAE04EC0-301F-11D3-BF4B-00C04F79EFBC}") = "AppLogic", "AppLogic\AppLogic.csproj", "{20B5B115-1199-4D7B-B4A1-BDA2B5B507B1}"
EndProject
Project("{FAE04EC0-301F-11D3-BF4B-00C04F79EFBC}") = "DatabaseBroker", "DatabaseBroker\DatabaseBroker.csproj", "{50151AA8-ADCB-439A-8793-ED747469180D}"
EndProject
Global
	GlobalSection(SolutionConfigurationPlatforms) = preSolution
		Debug|Any CPU = Debug|Any CPU
		Release|Any CPU = Release|Any CPU
	EndGlobalSection
	GlobalSection(ProjectConfigurationPlatforms) = postSolution
		{9033AB53-0305-4BFB-BBD5-0061C9FFF636}.Debug|Any CPU.ActiveCfg = Debug|Any CPU
		{9033AB53-0305-4BFB-BBD5-0061C9FFF636}.Debug|Any CPU.Build.0 = Debug|Any CPU
		{9033AB53-0305-4BFB-BBD5-0061C9FFF636}.Release|Any CPU.ActiveCfg = Release|Any CPU
		{9033AB53-0305-4BFB-BBD5-0061C9FFF636}.Release|Any CPU.Build.0 = Release|Any CPU
		{222D42AC-5B0F-4F18-9DCA-50A57DA35BC6}.Debug|Any CPU.ActiveCfg = Debug|Any CPU
		{222D42AC-5B0F-4F18-9DCA-50A57DA35BC6}.Debug|Any CPU.Build.0 = Debug|Any CPU
		{222D42AC-5B0F-4F18-9DCA-50A57DA35BC6}.Release|Any CPU.ActiveCfg = Release|Any CPU
		{222D42AC-5B0F-4F18-9DCA-50A57DA35BC6}.Release|Any CPU.Build.0 = Release|Any CPU
		{EEC0A7CD-46A7-4D4D-9741-E771045505B1}.Debug|Any CPU.ActiveCfg = Debug|Any CPU
		{EEC0A7CD-46A7-4D4D-9741-E771045505B1}.Debug|Any CPU.Build.0 = Debug|Any CPU
		{EEC0A7CD-46A7-4D4D-9741-E771045505B1}.Release|Any CPU.ActiveCfg = Release|Any CPU
		{EEC0A7CD-46A7-4D4D-9741-E771045505B1}.Release|Any CPU.Build.0 = Release|Any CPU
		{20B5B115-1199-4D7B-B4A1-BDA2B5B507B1}.Debug|Any CPU.ActiveCfg = Debug|Any CPU
		{20B5B115-1199-4D7B-B4A1-BDA2B5B507B1}.Debug|Any CPU.Build.0 = Debug|Any CPU
		{20B5B115-1199-4D7B-B4A1-BDA2B5B507B1}.Release|Any CPU.ActiveCfg = Release|Any CPU
		{20B5B115-1199-4D7B-B4A1-BDA2B5B507B1}.Release|Any CPU.Build.0 = Release|Any CPU
		{50151AA8-ADCB-439A-8793-ED747469180D}.Debug|Any CPU.ActiveCfg = Debug|Any CPU
		{50151AA8-ADCB-439A-8793-ED747469180D}.Debug|Any CPU.Build.0 = Debug|Any CPU
		{50151AA8-ADCB-439A-8793-ED747469180D}.Release|Any CPU.ActiveCfg = Release|Any CPU
		{50151AA8-ADCB-439A-8793-ED747469180D}.Release|Any CPU.Build.0 = Release|Any CPU
	EndGlobalSection
	GlobalSection(SolutionProperties) = preSolution
		HideSolutionNode = FALSE
	EndGlobalSection
	GlobalSection(ExtensibilityGlobals) = postSolution
		SolutionGuid = {E219F5C4-B84B-4981-A7BF-D3E3EBEF3FBA}
	EndGlobalSection
EndGlobal
